
Microsoft Visual Studio Solution File, Format Version 12.00
# Visual Studio Version 17
VisualStudioVersion = 17.14.36623.8 d17.14
MinimumVisualStudioVersion = 10.0.40219.1
Project("{FAE04EC0-301F-11D3-BF4B-00C04F79EFBC}") = "GitHubPRAssistant", "GitHubPRAssistant.csproj", "{6F490FC1-C595-497E-9D54-1DC00B5064BC}"
EndProject
Global
	GlobalSection(SolutionConfigurationPlatforms) = preSolution
		Debug|Any CPU = Debug|Any CPU
		Release|Any CPU = Release|Any CPU
	EndGlobalSection
	GlobalSection(ProjectConfigurationPlatforms) = postSolution
		{6F490FC1-C595-497E-9D54-1DC00B5064BC}.Debug|Any CPU.ActiveCfg = Debug|Any CPU
		{6F490FC1-C595-497E-9D54-1DC00B5064BC}.Debug|Any CPU.Build.0 = Debug|Any CPU
		{6F490FC1-C595-497E-9D54-1DC00B5064BC}.Release|Any CPU.ActiveCfg = Release|Any CPU
		{6F490FC1-C595-497E-9D54-1DC00B5064BC}.Release|Any CPU.Build.0 = Release|Any CPU
	EndGlobalSection
	GlobalSection(SolutionProperties) = preSolution
		HideSolutionNode = FALSE
	EndGlobalSection
	GlobalSection(ExtensibilityGlobals) = postSolution
		SolutionGuid = {398D8E3A-B831-4377-8703-BE6E1C527A8B}
	EndGlobalSection
EndGlobal
